// !$*UTF8*$!
{
	archiveVersion = 1;
	classes = {
	};
	objectVersion = 56;
	objects = {

/* Begin PBXBuildFile section */
		0B70C2292AACB4EF0078F446 /* RepositorySearchViewController.swift in Sources */ = {isa = PBXBuildFile; fileRef = 0B70C2282AACB4EF0078F446 /* RepositorySearchViewController.swift */; };
		0B70C2362AACF9D20078F446 /* Localizable.strings in Resources */ = {isa = PBXBuildFile; fileRef = 0B70C2382AACF9D20078F446 /* Localizable.strings */; };
		0B70C23C2AAD0E690078F446 /* Observable.swift in Sources */ = {isa = PBXBuildFile; fileRef = 0B70C23B2AAD0E690078F446 /* Observable.swift */; };
		0B70C23D2AAD12090078F446 /* Observable.swift in Sources */ = {isa = PBXBuildFile; fileRef = 0B70C23B2AAD0E690078F446 /* Observable.swift */; };
		0B70C2432AAD34BA0078F446 /* Coordinator.swift in Sources */ = {isa = PBXBuildFile; fileRef = 0B70C2422AAD34BA0078F446 /* Coordinator.swift */; };
		0B70C2442AAD34BA0078F446 /* Coordinator.swift in Sources */ = {isa = PBXBuildFile; fileRef = 0B70C2422AAD34BA0078F446 /* Coordinator.swift */; };
		0B70C2462AAD35E00078F446 /* ApplicationCoordinator.swift in Sources */ = {isa = PBXBuildFile; fileRef = 0B70C2452AAD35E00078F446 /* ApplicationCoordinator.swift */; };
		0B70C2472AAD35E00078F446 /* ApplicationCoordinator.swift in Sources */ = {isa = PBXBuildFile; fileRef = 0B70C2452AAD35E00078F446 /* ApplicationCoordinator.swift */; };
		0B70C2492AAD3D6A0078F446 /* ReposCoordinator.swift in Sources */ = {isa = PBXBuildFile; fileRef = 0B70C2482AAD3D6A0078F446 /* ReposCoordinator.swift */; };
		0B70C24A2AAD3D6A0078F446 /* ReposCoordinator.swift in Sources */ = {isa = PBXBuildFile; fileRef = 0B70C2482AAD3D6A0078F446 /* ReposCoordinator.swift */; };
		0B70C2502AAD8F470078F446 /* RepositorySearchViewController.swift in Sources */ = {isa = PBXBuildFile; fileRef = 0B70C2282AACB4EF0078F446 /* RepositorySearchViewController.swift */; };
		0B70C2532AAD906B0078F446 /* RepositoryTableViewCell.swift in Sources */ = {isa = PBXBuildFile; fileRef = 0B70C2512AAD906B0078F446 /* RepositoryTableViewCell.swift */; };
		0B70C2542AAD906B0078F446 /* RepositoryTableViewCell.xib in Resources */ = {isa = PBXBuildFile; fileRef = 0B70C2522AAD906B0078F446 /* RepositoryTableViewCell.xib */; };
		0B70C25A2AADB9210078F446 /* RepositoryTableViewCell.swift in Sources */ = {isa = PBXBuildFile; fileRef = 0B70C2512AAD906B0078F446 /* RepositoryTableViewCell.swift */; };
		0B70C25C2AADBCEE0078F446 /* RepositoryViewModel.swift in Sources */ = {isa = PBXBuildFile; fileRef = 0B70C25B2AADBCEE0078F446 /* RepositoryViewModel.swift */; };
		0B70C25D2AADBCEE0078F446 /* RepositoryViewModel.swift in Sources */ = {isa = PBXBuildFile; fileRef = 0B70C25B2AADBCEE0078F446 /* RepositoryViewModel.swift */; };
		0B70C25F2AADBD550078F446 /* DefaultRepositoryViewModel.swift in Sources */ = {isa = PBXBuildFile; fileRef = 0B70C25E2AADBD550078F446 /* DefaultRepositoryViewModel.swift */; };
		0B70C2602AADBD550078F446 /* DefaultRepositoryViewModel.swift in Sources */ = {isa = PBXBuildFile; fileRef = 0B70C25E2AADBD550078F446 /* DefaultRepositoryViewModel.swift */; };
		0B70C2622AADDF980078F446 /* WebViewController.swift in Sources */ = {isa = PBXBuildFile; fileRef = 0B70C2612AADDF980078F446 /* WebViewController.swift */; };
		0B70C2632AADDF980078F446 /* WebViewController.swift in Sources */ = {isa = PBXBuildFile; fileRef = 0B70C2612AADDF980078F446 /* WebViewController.swift */; };
		0B70C2652AAEDEBA0078F446 /* GitHubRepoSearcher.swift in Sources */ = {isa = PBXBuildFile; fileRef = 0B70C2642AAEDEBA0078F446 /* GitHubRepoSearcher.swift */; };
		0B70C2662AAEDEBA0078F446 /* GitHubRepoSearcher.swift in Sources */ = {isa = PBXBuildFile; fileRef = 0B70C2642AAEDEBA0078F446 /* GitHubRepoSearcher.swift */; };
		0B70C2682AAEE1910078F446 /* DefaultGitHubRepoSearcher.swift in Sources */ = {isa = PBXBuildFile; fileRef = 0B70C2672AAEE1910078F446 /* DefaultGitHubRepoSearcher.swift */; };
		0B70C2692AAEE1910078F446 /* DefaultGitHubRepoSearcher.swift in Sources */ = {isa = PBXBuildFile; fileRef = 0B70C2672AAEE1910078F446 /* DefaultGitHubRepoSearcher.swift */; };
		0B70C26B2AAF05E90078F446 /* AppStarter.swift in Sources */ = {isa = PBXBuildFile; fileRef = 0B70C26A2AAF05E90078F446 /* AppStarter.swift */; };
		0B70C26C2AAF05E90078F446 /* AppStarter.swift in Sources */ = {isa = PBXBuildFile; fileRef = 0B70C26A2AAF05E90078F446 /* AppStarter.swift */; };
		0B70C26E2AAF1B620078F446 /* ViewModelProvider.swift in Sources */ = {isa = PBXBuildFile; fileRef = 0B70C26D2AAF1B620078F446 /* ViewModelProvider.swift */; };
		0B70C26F2AAF1B620078F446 /* ViewModelProvider.swift in Sources */ = {isa = PBXBuildFile; fileRef = 0B70C26D2AAF1B620078F446 /* ViewModelProvider.swift */; };
		0B70C2752AAF30DB0078F446 /* DefaultGitHubRepoSearcherTests.swift in Sources */ = {isa = PBXBuildFile; fileRef = 0B70C2742AAF30DB0078F446 /* DefaultGitHubRepoSearcherTests.swift */; };
		0B9B63342AAC459900AFE43E /* HttpMethodTests.swift in Sources */ = {isa = PBXBuildFile; fileRef = 0B9B63332AAC459900AFE43E /* HttpMethodTests.swift */; };
		0B9B63362AAC487900AFE43E /* RequestResourceProviderTests.swift in Sources */ = {isa = PBXBuildFile; fileRef = 0B9B63352AAC487900AFE43E /* RequestResourceProviderTests.swift */; };
		0B9B63392AAC58FB00AFE43E /* RepositorySearchViewModel.swift in Sources */ = {isa = PBXBuildFile; fileRef = 0B9B63382AAC58FB00AFE43E /* RepositorySearchViewModel.swift */; };
		0B9B633A2AAC58FB00AFE43E /* RepositorySearchViewModel.swift in Sources */ = {isa = PBXBuildFile; fileRef = 0B9B63382AAC58FB00AFE43E /* RepositorySearchViewModel.swift */; };
		0B9B633C2AAC59F100AFE43E /* DefaultRepositorySearchViewModel.swift in Sources */ = {isa = PBXBuildFile; fileRef = 0B9B633B2AAC59F100AFE43E /* DefaultRepositorySearchViewModel.swift */; };
		0B9B633D2AAC59F100AFE43E /* DefaultRepositorySearchViewModel.swift in Sources */ = {isa = PBXBuildFile; fileRef = 0B9B633B2AAC59F100AFE43E /* DefaultRepositorySearchViewModel.swift */; };
		0B9B63402AAC5C3D00AFE43E /* GitHubServicesMock.swift in Sources */ = {isa = PBXBuildFile; fileRef = 0B9B633F2AAC5C3D00AFE43E /* GitHubServicesMock.swift */; };
		0B9B63432AAC5D4500AFE43E /* ExtensionsForTests.swift in Sources */ = {isa = PBXBuildFile; fileRef = 0B9B63422AAC5D4500AFE43E /* ExtensionsForTests.swift */; };
		0B9B63492AAC62D100AFE43E /* DefaultRepositorySearchViewModelTests.swift in Sources */ = {isa = PBXBuildFile; fileRef = 0B9B63482AAC62D100AFE43E /* DefaultRepositorySearchViewModelTests.swift */; };
		0BB8A3E12AAB8E36009A1A78 /* AppDelegate.swift in Sources */ = {isa = PBXBuildFile; fileRef = 0BB8A3E02AAB8E36009A1A78 /* AppDelegate.swift */; };
		0BB8A3E32AAB8E36009A1A78 /* SceneDelegate.swift in Sources */ = {isa = PBXBuildFile; fileRef = 0BB8A3E22AAB8E36009A1A78 /* SceneDelegate.swift */; };
		0BB8A3EA2AAB8E37009A1A78 /* Assets.xcassets in Resources */ = {isa = PBXBuildFile; fileRef = 0BB8A3E92AAB8E37009A1A78 /* Assets.xcassets */; };
		0BB8A3ED2AAB8E37009A1A78 /* LaunchScreen.storyboard in Resources */ = {isa = PBXBuildFile; fileRef = 0BB8A3EB2AAB8E37009A1A78 /* LaunchScreen.storyboard */; };
		0BB8A4022AAB8E37009A1A78 /* GitHubReposUITests.swift in Sources */ = {isa = PBXBuildFile; fileRef = 0BB8A4012AAB8E37009A1A78 /* GitHubReposUITests.swift */; };
		0BB8A4042AAB8E37009A1A78 /* GitHubReposUITestsLaunchTests.swift in Sources */ = {isa = PBXBuildFile; fileRef = 0BB8A4032AAB8E37009A1A78 /* GitHubReposUITestsLaunchTests.swift */; };
		0BB8A4142AAB93D8009A1A78 /* NetworkManager.swift in Sources */ = {isa = PBXBuildFile; fileRef = 0BB8A4132AAB93D8009A1A78 /* NetworkManager.swift */; };
		0BB8A4152AAB93D8009A1A78 /* NetworkManager.swift in Sources */ = {isa = PBXBuildFile; fileRef = 0BB8A4132AAB93D8009A1A78 /* NetworkManager.swift */; };
		0BB8A4172AAB9DA4009A1A78 /* DefaultNetworkManager.swift in Sources */ = {isa = PBXBuildFile; fileRef = 0BB8A4162AAB9DA4009A1A78 /* DefaultNetworkManager.swift */; };
		0BB8A4182AAB9DA4009A1A78 /* DefaultNetworkManager.swift in Sources */ = {isa = PBXBuildFile; fileRef = 0BB8A4162AAB9DA4009A1A78 /* DefaultNetworkManager.swift */; };
		0BB8A41A2AABA46A009A1A78 /* NetworkingError.swift in Sources */ = {isa = PBXBuildFile; fileRef = 0BB8A4192AABA46A009A1A78 /* NetworkingError.swift */; };
		0BB8A41B2AABA46A009A1A78 /* NetworkingError.swift in Sources */ = {isa = PBXBuildFile; fileRef = 0BB8A4192AABA46A009A1A78 /* NetworkingError.swift */; };
		0BB8A41E2AABADBA009A1A78 /* GitHubServices.swift in Sources */ = {isa = PBXBuildFile; fileRef = 0BB8A41D2AABADBA009A1A78 /* GitHubServices.swift */; };
		0BB8A41F2AABADBA009A1A78 /* GitHubServices.swift in Sources */ = {isa = PBXBuildFile; fileRef = 0BB8A41D2AABADBA009A1A78 /* GitHubServices.swift */; };
		0BB8A4222AABAE82009A1A78 /* GitHubRepo.swift in Sources */ = {isa = PBXBuildFile; fileRef = 0BB8A4212AABAE82009A1A78 /* GitHubRepo.swift */; };
		0BB8A4232AABAE82009A1A78 /* GitHubRepo.swift in Sources */ = {isa = PBXBuildFile; fileRef = 0BB8A4212AABAE82009A1A78 /* GitHubRepo.swift */; };
		0BB8A4282AABB060009A1A78 /* GitHubSearchResult.swift in Sources */ = {isa = PBXBuildFile; fileRef = 0BB8A4272AABB060009A1A78 /* GitHubSearchResult.swift */; };
		0BB8A4292AABB060009A1A78 /* GitHubSearchResult.swift in Sources */ = {isa = PBXBuildFile; fileRef = 0BB8A4272AABB060009A1A78 /* GitHubSearchResult.swift */; };
		0BB8A42B2AABB0EA009A1A78 /* DefaultGitHubServices.swift in Sources */ = {isa = PBXBuildFile; fileRef = 0BB8A42A2AABB0EA009A1A78 /* DefaultGitHubServices.swift */; };
		0BB8A42C2AABB0EA009A1A78 /* DefaultGitHubServices.swift in Sources */ = {isa = PBXBuildFile; fileRef = 0BB8A42A2AABB0EA009A1A78 /* DefaultGitHubServices.swift */; };
		0BB8A42E2AABB259009A1A78 /* SearchReposResponseDataMock.json in Resources */ = {isa = PBXBuildFile; fileRef = 0BB8A42D2AABB259009A1A78 /* SearchReposResponseDataMock.json */; };
		0BB8A4302AABB2C7009A1A78 /* GitHubSearchResultDecoderTests.swift in Sources */ = {isa = PBXBuildFile; fileRef = 0BB8A42F2AABB2C7009A1A78 /* GitHubSearchResultDecoderTests.swift */; };
		0BB8A4322AABB788009A1A78 /* GitHubSearchResultDecoder.swift in Sources */ = {isa = PBXBuildFile; fileRef = 0BB8A4312AABB788009A1A78 /* GitHubSearchResultDecoder.swift */; };
		0BB8A4332AABB788009A1A78 /* GitHubSearchResultDecoder.swift in Sources */ = {isa = PBXBuildFile; fileRef = 0BB8A4312AABB788009A1A78 /* GitHubSearchResultDecoder.swift */; };
		0BB8A4362AABC83C009A1A78 /* Extensions.swift in Sources */ = {isa = PBXBuildFile; fileRef = 0BB8A4352AABC83C009A1A78 /* Extensions.swift */; };
		0BB8A4372AABC83C009A1A78 /* Extensions.swift in Sources */ = {isa = PBXBuildFile; fileRef = 0BB8A4352AABC83C009A1A78 /* Extensions.swift */; };
		0BB8A4392AABCCE7009A1A78 /* RequestResourceProvider.swift in Sources */ = {isa = PBXBuildFile; fileRef = 0BB8A4382AABCCE7009A1A78 /* RequestResourceProvider.swift */; };
		0BB8A43A2AABCCE7009A1A78 /* RequestResourceProvider.swift in Sources */ = {isa = PBXBuildFile; fileRef = 0BB8A4382AABCCE7009A1A78 /* RequestResourceProvider.swift */; };
		0BB8A43C2AABCD21009A1A78 /* RequestResource.swift in Sources */ = {isa = PBXBuildFile; fileRef = 0BB8A43B2AABCD21009A1A78 /* RequestResource.swift */; };
		0BB8A43D2AABCD21009A1A78 /* RequestResource.swift in Sources */ = {isa = PBXBuildFile; fileRef = 0BB8A43B2AABCD21009A1A78 /* RequestResource.swift */; };
		0BB8A43F2AABCD63009A1A78 /* HttpMethod.swift in Sources */ = {isa = PBXBuildFile; fileRef = 0BB8A43E2AABCD63009A1A78 /* HttpMethod.swift */; };
		0BB8A4402AABCD63009A1A78 /* HttpMethod.swift in Sources */ = {isa = PBXBuildFile; fileRef = 0BB8A43E2AABCD63009A1A78 /* HttpMethod.swift */; };
/* End PBXBuildFile section */

/* Begin PBXContainerItemProxy section */
		0BB8A3F42AAB8E37009A1A78 /* PBXContainerItemProxy */ = {
			isa = PBXContainerItemProxy;
			containerPortal = 0BB8A3D52AAB8E36009A1A78 /* Project object */;
			proxyType = 1;
			remoteGlobalIDString = 0BB8A3DC2AAB8E36009A1A78;
			remoteInfo = GitHubRepos;
		};
		0BB8A3FE2AAB8E37009A1A78 /* PBXContainerItemProxy */ = {
			isa = PBXContainerItemProxy;
			containerPortal = 0BB8A3D52AAB8E36009A1A78 /* Project object */;
			proxyType = 1;
			remoteGlobalIDString = 0BB8A3DC2AAB8E36009A1A78;
			remoteInfo = GitHubRepos;
		};
/* End PBXContainerItemProxy section */

/* Begin PBXFileReference section */
		0B70C2282AACB4EF0078F446 /* RepositorySearchViewController.swift */ = {isa = PBXFileReference; lastKnownFileType = sourcecode.swift; path = RepositorySearchViewController.swift; sourceTree = "<group>"; };
		0B70C2372AACF9D20078F446 /* en */ = {isa = PBXFileReference; lastKnownFileType = text.plist.strings; name = en; path = en.lproj/Localizable.strings; sourceTree = "<group>"; };
		0B70C23B2AAD0E690078F446 /* Observable.swift */ = {isa = PBXFileReference; lastKnownFileType = sourcecode.swift; path = Observable.swift; sourceTree = "<group>"; };
		0B70C2422AAD34BA0078F446 /* Coordinator.swift */ = {isa = PBXFileReference; lastKnownFileType = sourcecode.swift; path = Coordinator.swift; sourceTree = "<group>"; };
		0B70C2452AAD35E00078F446 /* ApplicationCoordinator.swift */ = {isa = PBXFileReference; lastKnownFileType = sourcecode.swift; path = ApplicationCoordinator.swift; sourceTree = "<group>"; };
		0B70C2482AAD3D6A0078F446 /* ReposCoordinator.swift */ = {isa = PBXFileReference; lastKnownFileType = sourcecode.swift; path = ReposCoordinator.swift; sourceTree = "<group>"; };
		0B70C2512AAD906B0078F446 /* RepositoryTableViewCell.swift */ = {isa = PBXFileReference; lastKnownFileType = sourcecode.swift; path = RepositoryTableViewCell.swift; sourceTree = "<group>"; };
		0B70C2522AAD906B0078F446 /* RepositoryTableViewCell.xib */ = {isa = PBXFileReference; lastKnownFileType = file.xib; path = RepositoryTableViewCell.xib; sourceTree = "<group>"; };
		0B70C25B2AADBCEE0078F446 /* RepositoryViewModel.swift */ = {isa = PBXFileReference; lastKnownFileType = sourcecode.swift; path = RepositoryViewModel.swift; sourceTree = "<group>"; };
		0B70C25E2AADBD550078F446 /* DefaultRepositoryViewModel.swift */ = {isa = PBXFileReference; lastKnownFileType = sourcecode.swift; path = DefaultRepositoryViewModel.swift; sourceTree = "<group>"; };
		0B70C2612AADDF980078F446 /* WebViewController.swift */ = {isa = PBXFileReference; lastKnownFileType = sourcecode.swift; path = WebViewController.swift; sourceTree = "<group>"; };
		0B70C2642AAEDEBA0078F446 /* GitHubRepoSearcher.swift */ = {isa = PBXFileReference; lastKnownFileType = sourcecode.swift; path = GitHubRepoSearcher.swift; sourceTree = "<group>"; };
		0B70C2672AAEE1910078F446 /* DefaultGitHubRepoSearcher.swift */ = {isa = PBXFileReference; lastKnownFileType = sourcecode.swift; path = DefaultGitHubRepoSearcher.swift; sourceTree = "<group>"; };
		0B70C26A2AAF05E90078F446 /* AppStarter.swift */ = {isa = PBXFileReference; lastKnownFileType = sourcecode.swift; path = AppStarter.swift; sourceTree = "<group>"; };
		0B70C26D2AAF1B620078F446 /* ViewModelProvider.swift */ = {isa = PBXFileReference; lastKnownFileType = sourcecode.swift; path = ViewModelProvider.swift; sourceTree = "<group>"; };
		0B70C2742AAF30DB0078F446 /* DefaultGitHubRepoSearcherTests.swift */ = {isa = PBXFileReference; lastKnownFileType = sourcecode.swift; path = DefaultGitHubRepoSearcherTests.swift; sourceTree = "<group>"; };
		0B9B63332AAC459900AFE43E /* HttpMethodTests.swift */ = {isa = PBXFileReference; lastKnownFileType = sourcecode.swift; path = HttpMethodTests.swift; sourceTree = "<group>"; };
		0B9B63352AAC487900AFE43E /* RequestResourceProviderTests.swift */ = {isa = PBXFileReference; lastKnownFileType = sourcecode.swift; path = RequestResourceProviderTests.swift; sourceTree = "<group>"; };
		0B9B63382AAC58FB00AFE43E /* RepositorySearchViewModel.swift */ = {isa = PBXFileReference; lastKnownFileType = sourcecode.swift; path = RepositorySearchViewModel.swift; sourceTree = "<group>"; };
		0B9B633B2AAC59F100AFE43E /* DefaultRepositorySearchViewModel.swift */ = {isa = PBXFileReference; lastKnownFileType = sourcecode.swift; path = DefaultRepositorySearchViewModel.swift; sourceTree = "<group>"; };
		0B9B633F2AAC5C3D00AFE43E /* GitHubServicesMock.swift */ = {isa = PBXFileReference; lastKnownFileType = sourcecode.swift; path = GitHubServicesMock.swift; sourceTree = "<group>"; };
		0B9B63422AAC5D4500AFE43E /* ExtensionsForTests.swift */ = {isa = PBXFileReference; lastKnownFileType = sourcecode.swift; path = ExtensionsForTests.swift; sourceTree = "<group>"; };
		0B9B63482AAC62D100AFE43E /* DefaultRepositorySearchViewModelTests.swift */ = {isa = PBXFileReference; lastKnownFileType = sourcecode.swift; path = DefaultRepositorySearchViewModelTests.swift; sourceTree = "<group>"; };
		0BB8A3DD2AAB8E36009A1A78 /* GitHubRepos.app */ = {isa = PBXFileReference; explicitFileType = wrapper.application; includeInIndex = 0; path = GitHubRepos.app; sourceTree = BUILT_PRODUCTS_DIR; };
		0BB8A3E02AAB8E36009A1A78 /* AppDelegate.swift */ = {isa = PBXFileReference; lastKnownFileType = sourcecode.swift; path = AppDelegate.swift; sourceTree = "<group>"; };
		0BB8A3E22AAB8E36009A1A78 /* SceneDelegate.swift */ = {isa = PBXFileReference; lastKnownFileType = sourcecode.swift; path = SceneDelegate.swift; sourceTree = "<group>"; };
		0BB8A3E92AAB8E37009A1A78 /* Assets.xcassets */ = {isa = PBXFileReference; lastKnownFileType = folder.assetcatalog; path = Assets.xcassets; sourceTree = "<group>"; };
		0BB8A3EC2AAB8E37009A1A78 /* Base */ = {isa = PBXFileReference; lastKnownFileType = file.storyboard; name = Base; path = Base.lproj/LaunchScreen.storyboard; sourceTree = "<group>"; };
		0BB8A3EE2AAB8E37009A1A78 /* Info.plist */ = {isa = PBXFileReference; lastKnownFileType = text.plist.xml; path = Info.plist; sourceTree = "<group>"; };
		0BB8A3F32AAB8E37009A1A78 /* GitHubReposTests.xctest */ = {isa = PBXFileReference; explicitFileType = wrapper.cfbundle; includeInIndex = 0; path = GitHubReposTests.xctest; sourceTree = BUILT_PRODUCTS_DIR; };
		0BB8A3FD2AAB8E37009A1A78 /* GitHubReposUITests.xctest */ = {isa = PBXFileReference; explicitFileType = wrapper.cfbundle; includeInIndex = 0; path = GitHubReposUITests.xctest; sourceTree = BUILT_PRODUCTS_DIR; };
		0BB8A4012AAB8E37009A1A78 /* GitHubReposUITests.swift */ = {isa = PBXFileReference; lastKnownFileType = sourcecode.swift; path = GitHubReposUITests.swift; sourceTree = "<group>"; };
		0BB8A4032AAB8E37009A1A78 /* GitHubReposUITestsLaunchTests.swift */ = {isa = PBXFileReference; lastKnownFileType = sourcecode.swift; path = GitHubReposUITestsLaunchTests.swift; sourceTree = "<group>"; };
		0BB8A4132AAB93D8009A1A78 /* NetworkManager.swift */ = {isa = PBXFileReference; lastKnownFileType = sourcecode.swift; path = NetworkManager.swift; sourceTree = "<group>"; };
		0BB8A4162AAB9DA4009A1A78 /* DefaultNetworkManager.swift */ = {isa = PBXFileReference; lastKnownFileType = sourcecode.swift; path = DefaultNetworkManager.swift; sourceTree = "<group>"; };
		0BB8A4192AABA46A009A1A78 /* NetworkingError.swift */ = {isa = PBXFileReference; lastKnownFileType = sourcecode.swift; path = NetworkingError.swift; sourceTree = "<group>"; };
		0BB8A41D2AABADBA009A1A78 /* GitHubServices.swift */ = {isa = PBXFileReference; lastKnownFileType = sourcecode.swift; path = GitHubServices.swift; sourceTree = "<group>"; };
		0BB8A4212AABAE82009A1A78 /* GitHubRepo.swift */ = {isa = PBXFileReference; lastKnownFileType = sourcecode.swift; path = GitHubRepo.swift; sourceTree = "<group>"; };
		0BB8A4272AABB060009A1A78 /* GitHubSearchResult.swift */ = {isa = PBXFileReference; lastKnownFileType = sourcecode.swift; path = GitHubSearchResult.swift; sourceTree = "<group>"; };
		0BB8A42A2AABB0EA009A1A78 /* DefaultGitHubServices.swift */ = {isa = PBXFileReference; lastKnownFileType = sourcecode.swift; path = DefaultGitHubServices.swift; sourceTree = "<group>"; };
		0BB8A42D2AABB259009A1A78 /* SearchReposResponseDataMock.json */ = {isa = PBXFileReference; fileEncoding = 4; lastKnownFileType = text.json; path = SearchReposResponseDataMock.json; sourceTree = "<group>"; };
		0BB8A42F2AABB2C7009A1A78 /* GitHubSearchResultDecoderTests.swift */ = {isa = PBXFileReference; lastKnownFileType = sourcecode.swift; path = GitHubSearchResultDecoderTests.swift; sourceTree = "<group>"; };
		0BB8A4312AABB788009A1A78 /* GitHubSearchResultDecoder.swift */ = {isa = PBXFileReference; lastKnownFileType = sourcecode.swift; path = GitHubSearchResultDecoder.swift; sourceTree = "<group>"; };
		0BB8A4352AABC83C009A1A78 /* Extensions.swift */ = {isa = PBXFileReference; lastKnownFileType = sourcecode.swift; path = Extensions.swift; sourceTree = "<group>"; };
		0BB8A4382AABCCE7009A1A78 /* RequestResourceProvider.swift */ = {isa = PBXFileReference; lastKnownFileType = sourcecode.swift; path = RequestResourceProvider.swift; sourceTree = "<group>"; };
		0BB8A43B2AABCD21009A1A78 /* RequestResource.swift */ = {isa = PBXFileReference; lastKnownFileType = sourcecode.swift; path = RequestResource.swift; sourceTree = "<group>"; };
		0BB8A43E2AABCD63009A1A78 /* HttpMethod.swift */ = {isa = PBXFileReference; lastKnownFileType = sourcecode.swift; path = HttpMethod.swift; sourceTree = "<group>"; };
/* End PBXFileReference section */

/* Begin PBXFrameworksBuildPhase section */
		0BB8A3DA2AAB8E36009A1A78 /* Frameworks */ = {
			isa = PBXFrameworksBuildPhase;
			buildActionMask = 2147483647;
			files = (
			);
			runOnlyForDeploymentPostprocessing = 0;
		};
		0BB8A3F02AAB8E37009A1A78 /* Frameworks */ = {
			isa = PBXFrameworksBuildPhase;
			buildActionMask = 2147483647;
			files = (
			);
			runOnlyForDeploymentPostprocessing = 0;
		};
		0BB8A3FA2AAB8E37009A1A78 /* Frameworks */ = {
			isa = PBXFrameworksBuildPhase;
			buildActionMask = 2147483647;
			files = (
			);
			runOnlyForDeploymentPostprocessing = 0;
		};
/* End PBXFrameworksBuildPhase section */

/* Begin PBXGroup section */
		0B70C2272AACB4990078F446 /* View */ = {
			isa = PBXGroup;
			children = (
				0B70C2282AACB4EF0078F446 /* RepositorySearchViewController.swift */,
				0B70C2612AADDF980078F446 /* WebViewController.swift */,
				0B70C2512AAD906B0078F446 /* RepositoryTableViewCell.swift */,
				0B70C2522AAD906B0078F446 /* RepositoryTableViewCell.xib */,
			);
			path = View;
			sourceTree = "<group>";
		};
		0B70C22D2AACF5BC0078F446 /* Localization */ = {
			isa = PBXGroup;
			children = (
				0B70C2382AACF9D20078F446 /* Localizable.strings */,
			);
			path = Localization;
			sourceTree = "<group>";
		};
		0B70C23A2AAD0E570078F446 /* Binding */ = {
			isa = PBXGroup;
			children = (
				0B70C23B2AAD0E690078F446 /* Observable.swift */,
			);
			path = Binding;
			sourceTree = "<group>";
		};
		0B70C2412AAD348D0078F446 /* Coordinators */ = {
			isa = PBXGroup;
			children = (
				0B70C2422AAD34BA0078F446 /* Coordinator.swift */,
				0B70C2452AAD35E00078F446 /* ApplicationCoordinator.swift */,
				0B70C2482AAD3D6A0078F446 /* ReposCoordinator.swift */,
			);
			path = Coordinators;
			sourceTree = "<group>";
		};
		0B70C2732AAF309A0078F446 /* Model */ = {
			isa = PBXGroup;
			children = (
				0B70C2742AAF30DB0078F446 /* DefaultGitHubRepoSearcherTests.swift */,
			);
			path = Model;
			sourceTree = "<group>";
		};
		0B9B63372AAC586800AFE43E /* ViewModel */ = {
			isa = PBXGroup;
			children = (
				0B9B63382AAC58FB00AFE43E /* RepositorySearchViewModel.swift */,
				0B9B633B2AAC59F100AFE43E /* DefaultRepositorySearchViewModel.swift */,
				0B70C25B2AADBCEE0078F446 /* RepositoryViewModel.swift */,
				0B70C25E2AADBD550078F446 /* DefaultRepositoryViewModel.swift */,
			);
			path = ViewModel;
			sourceTree = "<group>";
		};
		0B9B633E2AAC5BFB00AFE43E /* Mocks */ = {
			isa = PBXGroup;
			children = (
				0BB8A42D2AABB259009A1A78 /* SearchReposResponseDataMock.json */,
				0B9B633F2AAC5C3D00AFE43E /* GitHubServicesMock.swift */,
			);
			path = Mocks;
			sourceTree = "<group>";
		};
		0B9B63412AAC5D3100AFE43E /* Helper */ = {
			isa = PBXGroup;
			children = (
				0B9B63422AAC5D4500AFE43E /* ExtensionsForTests.swift */,
			);
			path = Helper;
			sourceTree = "<group>";
		};
		0B9B634A2AAC665900AFE43E /* Networking */ = {
			isa = PBXGroup;
			children = (
				0BB8A42F2AABB2C7009A1A78 /* GitHubSearchResultDecoderTests.swift */,
				0B9B63352AAC487900AFE43E /* RequestResourceProviderTests.swift */,
				0B9B63332AAC459900AFE43E /* HttpMethodTests.swift */,
			);
			path = Networking;
			sourceTree = "<group>";
		};
		0B9B634B2AAC667E00AFE43E /* ViewModel */ = {
			isa = PBXGroup;
			children = (
				0B9B63482AAC62D100AFE43E /* DefaultRepositorySearchViewModelTests.swift */,
			);
			path = ViewModel;
			sourceTree = "<group>";
		};
		0BB8A3D42AAB8E36009A1A78 = {
			isa = PBXGroup;
			children = (
				0BB8A3DF2AAB8E36009A1A78 /* GitHubRepos */,
				0BB8A3F62AAB8E37009A1A78 /* GitHubReposTests */,
				0BB8A4002AAB8E37009A1A78 /* GitHubReposUITests */,
				0BB8A3DE2AAB8E36009A1A78 /* Products */,
			);
			sourceTree = "<group>";
		};
		0BB8A3DE2AAB8E36009A1A78 /* Products */ = {
			isa = PBXGroup;
			children = (
				0BB8A3DD2AAB8E36009A1A78 /* GitHubRepos.app */,
				0BB8A3F32AAB8E37009A1A78 /* GitHubReposTests.xctest */,
				0BB8A3FD2AAB8E37009A1A78 /* GitHubReposUITests.xctest */,
			);
			name = Products;
			sourceTree = "<group>";
		};
		0BB8A3DF2AAB8E36009A1A78 /* GitHubRepos */ = {
			isa = PBXGroup;
			children = (
				0BB8A3E02AAB8E36009A1A78 /* AppDelegate.swift */,
				0BB8A3E22AAB8E36009A1A78 /* SceneDelegate.swift */,
				0B70C26A2AAF05E90078F446 /* AppStarter.swift */,
				0B70C26D2AAF1B620078F446 /* ViewModelProvider.swift */,
				0BB8A4342AABC806009A1A78 /* Helper */,
				0B70C2412AAD348D0078F446 /* Coordinators */,
				0B70C2272AACB4990078F446 /* View */,
				0B70C23A2AAD0E570078F446 /* Binding */,
				0B9B63372AAC586800AFE43E /* ViewModel */,
				0BB8A4202AABAE67009A1A78 /* Model */,
				0BB8A41C2AABAD54009A1A78 /* Networking */,
				0BB8A3E92AAB8E37009A1A78 /* Assets.xcassets */,
				0B70C22D2AACF5BC0078F446 /* Localization */,
				0BB8A3EB2AAB8E37009A1A78 /* LaunchScreen.storyboard */,
				0BB8A3EE2AAB8E37009A1A78 /* Info.plist */,
			);
			path = GitHubRepos;
			sourceTree = "<group>";
		};
		0BB8A3F62AAB8E37009A1A78 /* GitHubReposTests */ = {
			isa = PBXGroup;
			children = (
				0B9B63412AAC5D3100AFE43E /* Helper */,
				0B9B633E2AAC5BFB00AFE43E /* Mocks */,
				0B9B634A2AAC665900AFE43E /* Networking */,
				0B9B634B2AAC667E00AFE43E /* ViewModel */,
				0B70C2732AAF309A0078F446 /* Model */,
			);
			path = GitHubReposTests;
			sourceTree = "<group>";
		};
		0BB8A4002AAB8E37009A1A78 /* GitHubReposUITests */ = {
			isa = PBXGroup;
			children = (
				0BB8A4012AAB8E37009A1A78 /* GitHubReposUITests.swift */,
				0BB8A4032AAB8E37009A1A78 /* GitHubReposUITestsLaunchTests.swift */,
			);
			path = GitHubReposUITests;
			sourceTree = "<group>";
		};
		0BB8A41C2AABAD54009A1A78 /* Networking */ = {
			isa = PBXGroup;
			children = (
				0BB8A4132AAB93D8009A1A78 /* NetworkManager.swift */,
				0BB8A4162AAB9DA4009A1A78 /* DefaultNetworkManager.swift */,
				0BB8A41D2AABADBA009A1A78 /* GitHubServices.swift */,
				0BB8A42A2AABB0EA009A1A78 /* DefaultGitHubServices.swift */,
				0BB8A4192AABA46A009A1A78 /* NetworkingError.swift */,
				0BB8A4382AABCCE7009A1A78 /* RequestResourceProvider.swift */,
				0BB8A43B2AABCD21009A1A78 /* RequestResource.swift */,
				0BB8A43E2AABCD63009A1A78 /* HttpMethod.swift */,
			);
			path = Networking;
			sourceTree = "<group>";
		};
		0BB8A4202AABAE67009A1A78 /* Model */ = {
			isa = PBXGroup;
			children = (
				0B70C2642AAEDEBA0078F446 /* GitHubRepoSearcher.swift */,
				0B70C2672AAEE1910078F446 /* DefaultGitHubRepoSearcher.swift */,
				0BB8A4272AABB060009A1A78 /* GitHubSearchResult.swift */,
				0BB8A4212AABAE82009A1A78 /* GitHubRepo.swift */,
				0BB8A4312AABB788009A1A78 /* GitHubSearchResultDecoder.swift */,
			);
			path = Model;
			sourceTree = "<group>";
		};
		0BB8A4342AABC806009A1A78 /* Helper */ = {
			isa = PBXGroup;
			children = (
				0BB8A4352AABC83C009A1A78 /* Extensions.swift */,
			);
			path = Helper;
			sourceTree = "<group>";
		};
/* End PBXGroup section */

/* Begin PBXNativeTarget section */
		0BB8A3DC2AAB8E36009A1A78 /* GitHubRepos */ = {
			isa = PBXNativeTarget;
			buildConfigurationList = 0BB8A4072AAB8E37009A1A78 /* Build configuration list for PBXNativeTarget "GitHubRepos" */;
			buildPhases = (
				0BB8A3D92AAB8E36009A1A78 /* Sources */,
				0BB8A3DA2AAB8E36009A1A78 /* Frameworks */,
				0BB8A3DB2AAB8E36009A1A78 /* Resources */,
			);
			buildRules = (
			);
			dependencies = (
			);
			name = GitHubRepos;
			productName = GitHubRepos;
			productReference = 0BB8A3DD2AAB8E36009A1A78 /* GitHubRepos.app */;
			productType = "com.apple.product-type.application";
		};
		0BB8A3F22AAB8E37009A1A78 /* GitHubReposTests */ = {
			isa = PBXNativeTarget;
			buildConfigurationList = 0BB8A40A2AAB8E37009A1A78 /* Build configuration list for PBXNativeTarget "GitHubReposTests" */;
			buildPhases = (
				0BB8A3EF2AAB8E37009A1A78 /* Sources */,
				0BB8A3F02AAB8E37009A1A78 /* Frameworks */,
				0BB8A3F12AAB8E37009A1A78 /* Resources */,
			);
			buildRules = (
			);
			dependencies = (
				0BB8A3F52AAB8E37009A1A78 /* PBXTargetDependency */,
			);
			name = GitHubReposTests;
			productName = GitHubReposTests;
			productReference = 0BB8A3F32AAB8E37009A1A78 /* GitHubReposTests.xctest */;
			productType = "com.apple.product-type.bundle.unit-test";
		};
		0BB8A3FC2AAB8E37009A1A78 /* GitHubReposUITests */ = {
			isa = PBXNativeTarget;
			buildConfigurationList = 0BB8A40D2AAB8E37009A1A78 /* Build configuration list for PBXNativeTarget "GitHubReposUITests" */;
			buildPhases = (
				0BB8A3F92AAB8E37009A1A78 /* Sources */,
				0BB8A3FA2AAB8E37009A1A78 /* Frameworks */,
				0BB8A3FB2AAB8E37009A1A78 /* Resources */,
			);
			buildRules = (
			);
			dependencies = (
				0BB8A3FF2AAB8E37009A1A78 /* PBXTargetDependency */,
			);
			name = GitHubReposUITests;
			productName = GitHubReposUITests;
			productReference = 0BB8A3FD2AAB8E37009A1A78 /* GitHubReposUITests.xctest */;
			productType = "com.apple.product-type.bundle.ui-testing";
		};
/* End PBXNativeTarget section */

/* Begin PBXProject section */
		0BB8A3D52AAB8E36009A1A78 /* Project object */ = {
			isa = PBXProject;
			attributes = {
				BuildIndependentTargetsInParallel = 1;
				LastSwiftUpdateCheck = 1430;
				LastUpgradeCheck = 1430;
				TargetAttributes = {
					0BB8A3DC2AAB8E36009A1A78 = {
						CreatedOnToolsVersion = 14.3.1;
					};
					0BB8A3F22AAB8E37009A1A78 = {
						CreatedOnToolsVersion = 14.3.1;
						TestTargetID = 0BB8A3DC2AAB8E36009A1A78;
					};
					0BB8A3FC2AAB8E37009A1A78 = {
						CreatedOnToolsVersion = 14.3.1;
						TestTargetID = 0BB8A3DC2AAB8E36009A1A78;
					};
				};
			};
			buildConfigurationList = 0BB8A3D82AAB8E36009A1A78 /* Build configuration list for PBXProject "GitHubRepos" */;
			compatibilityVersion = "Xcode 14.0";
			developmentRegion = en;
			hasScannedForEncodings = 0;
			knownRegions = (
				en,
				Base,
			);
			mainGroup = 0BB8A3D42AAB8E36009A1A78;
			productRefGroup = 0BB8A3DE2AAB8E36009A1A78 /* Products */;
			projectDirPath = "";
			projectRoot = "";
			targets = (
				0BB8A3DC2AAB8E36009A1A78 /* GitHubRepos */,
				0BB8A3F22AAB8E37009A1A78 /* GitHubReposTests */,
				0BB8A3FC2AAB8E37009A1A78 /* GitHubReposUITests */,
			);
		};
/* End PBXProject section */

/* Begin PBXResourcesBuildPhase section */
		0BB8A3DB2AAB8E36009A1A78 /* Resources */ = {
			isa = PBXResourcesBuildPhase;
			buildActionMask = 2147483647;
			files = (
				0BB8A3ED2AAB8E37009A1A78 /* LaunchScreen.storyboard in Resources */,
				0B70C2362AACF9D20078F446 /* Localizable.strings in Resources */,
				0BB8A3EA2AAB8E37009A1A78 /* Assets.xcassets in Resources */,
				0B70C2542AAD906B0078F446 /* RepositoryTableViewCell.xib in Resources */,
			);
			runOnlyForDeploymentPostprocessing = 0;
		};
		0BB8A3F12AAB8E37009A1A78 /* Resources */ = {
			isa = PBXResourcesBuildPhase;
			buildActionMask = 2147483647;
			files = (
				0BB8A42E2AABB259009A1A78 /* SearchReposResponseDataMock.json in Resources */,
			);
			runOnlyForDeploymentPostprocessing = 0;
		};
		0BB8A3FB2AAB8E37009A1A78 /* Resources */ = {
			isa = PBXResourcesBuildPhase;
			buildActionMask = 2147483647;
			files = (
			);
			runOnlyForDeploymentPostprocessing = 0;
		};
/* End PBXResourcesBuildPhase section */

/* Begin PBXSourcesBuildPhase section */
		0BB8A3D92AAB8E36009A1A78 /* Sources */ = {
			isa = PBXSourcesBuildPhase;
			buildActionMask = 2147483647;
			files = (
				0BB8A4142AAB93D8009A1A78 /* NetworkManager.swift in Sources */,
				0B70C26B2AAF05E90078F446 /* AppStarter.swift in Sources */,
				0BB8A41E2AABADBA009A1A78 /* GitHubServices.swift in Sources */,
				0BB8A4392AABCCE7009A1A78 /* RequestResourceProvider.swift in Sources */,
				0BB8A3E12AAB8E36009A1A78 /* AppDelegate.swift in Sources */,
				0B70C2682AAEE1910078F446 /* DefaultGitHubRepoSearcher.swift in Sources */,
				0BB8A4222AABAE82009A1A78 /* GitHubRepo.swift in Sources */,
				0BB8A4322AABB788009A1A78 /* GitHubSearchResultDecoder.swift in Sources */,
				0B70C2432AAD34BA0078F446 /* Coordinator.swift in Sources */,
				0B70C2652AAEDEBA0078F446 /* GitHubRepoSearcher.swift in Sources */,
				0BB8A43F2AABCD63009A1A78 /* HttpMethod.swift in Sources */,
				0B70C25F2AADBD550078F446 /* DefaultRepositoryViewModel.swift in Sources */,
				0BB8A4172AAB9DA4009A1A78 /* DefaultNetworkManager.swift in Sources */,
				0BB8A4362AABC83C009A1A78 /* Extensions.swift in Sources */,
				0BB8A41A2AABA46A009A1A78 /* NetworkingError.swift in Sources */,
				0B9B633C2AAC59F100AFE43E /* DefaultRepositorySearchViewModel.swift in Sources */,
				0B70C2622AADDF980078F446 /* WebViewController.swift in Sources */,
				0BB8A4282AABB060009A1A78 /* GitHubSearchResult.swift in Sources */,
				0B9B63392AAC58FB00AFE43E /* RepositorySearchViewModel.swift in Sources */,
				0B70C23C2AAD0E690078F446 /* Observable.swift in Sources */,
				0B70C2492AAD3D6A0078F446 /* ReposCoordinator.swift in Sources */,
				0B70C2462AAD35E00078F446 /* ApplicationCoordinator.swift in Sources */,
				0B70C2532AAD906B0078F446 /* RepositoryTableViewCell.swift in Sources */,
				0B70C2292AACB4EF0078F446 /* RepositorySearchViewController.swift in Sources */,
				0BB8A43C2AABCD21009A1A78 /* RequestResource.swift in Sources */,
				0BB8A42B2AABB0EA009A1A78 /* DefaultGitHubServices.swift in Sources */,
				0B70C25C2AADBCEE0078F446 /* RepositoryViewModel.swift in Sources */,
				0B70C26E2AAF1B620078F446 /* ViewModelProvider.swift in Sources */,
				0BB8A3E32AAB8E36009A1A78 /* SceneDelegate.swift in Sources */,
			);
			runOnlyForDeploymentPostprocessing = 0;
		};
		0BB8A3EF2AAB8E37009A1A78 /* Sources */ = {
			isa = PBXSourcesBuildPhase;
			buildActionMask = 2147483647;
			files = (
				0B9B63492AAC62D100AFE43E /* DefaultRepositorySearchViewModelTests.swift in Sources */,
				0B70C2752AAF30DB0078F446 /* DefaultGitHubRepoSearcherTests.swift in Sources */,
				0BB8A4302AABB2C7009A1A78 /* GitHubSearchResultDecoderTests.swift in Sources */,
				0BB8A43A2AABCCE7009A1A78 /* RequestResourceProvider.swift in Sources */,
				0BB8A4402AABCD63009A1A78 /* HttpMethod.swift in Sources */,
				0BB8A4292AABB060009A1A78 /* GitHubSearchResult.swift in Sources */,
				0B70C25A2AADB9210078F446 /* RepositoryTableViewCell.swift in Sources */,
				0BB8A4152AAB93D8009A1A78 /* NetworkManager.swift in Sources */,
				0B70C24A2AAD3D6A0078F446 /* ReposCoordinator.swift in Sources */,
				0B70C2442AAD34BA0078F446 /* Coordinator.swift in Sources */,
				0BB8A42C2AABB0EA009A1A78 /* DefaultGitHubServices.swift in Sources */,
				0BB8A41F2AABADBA009A1A78 /* GitHubServices.swift in Sources */,
				0B9B63432AAC5D4500AFE43E /* ExtensionsForTests.swift in Sources */,
				0BB8A4372AABC83C009A1A78 /* Extensions.swift in Sources */,
				0B70C23D2AAD12090078F446 /* Observable.swift in Sources */,
				0B70C2472AAD35E00078F446 /* ApplicationCoordinator.swift in Sources */,
				0B9B63402AAC5C3D00AFE43E /* GitHubServicesMock.swift in Sources */,
				0B70C2602AADBD550078F446 /* DefaultRepositoryViewModel.swift in Sources */,
				0B70C26C2AAF05E90078F446 /* AppStarter.swift in Sources */,
				0BB8A41B2AABA46A009A1A78 /* NetworkingError.swift in Sources */,
				0B70C26F2AAF1B620078F446 /* ViewModelProvider.swift in Sources */,
				0BB8A4232AABAE82009A1A78 /* GitHubRepo.swift in Sources */,
				0B9B63362AAC487900AFE43E /* RequestResourceProviderTests.swift in Sources */,
				0B70C2632AADDF980078F446 /* WebViewController.swift in Sources */,
				0B9B633D2AAC59F100AFE43E /* DefaultRepositorySearchViewModel.swift in Sources */,
				0B9B63342AAC459900AFE43E /* HttpMethodTests.swift in Sources */,
				0B9B633A2AAC58FB00AFE43E /* RepositorySearchViewModel.swift in Sources */,
				0B70C2502AAD8F470078F446 /* RepositorySearchViewController.swift in Sources */,
				0B70C25D2AADBCEE0078F446 /* RepositoryViewModel.swift in Sources */,
				0BB8A43D2AABCD21009A1A78 /* RequestResource.swift in Sources */,
				0BB8A4332AABB788009A1A78 /* GitHubSearchResultDecoder.swift in Sources */,
				0BB8A4182AAB9DA4009A1A78 /* DefaultNetworkManager.swift in Sources */,
				0B70C2692AAEE1910078F446 /* DefaultGitHubRepoSearcher.swift in Sources */,
				0B70C2662AAEDEBA0078F446 /* GitHubRepoSearcher.swift in Sources */,
			);
			runOnlyForDeploymentPostprocessing = 0;
		};
		0BB8A3F92AAB8E37009A1A78 /* Sources */ = {
			isa = PBXSourcesBuildPhase;
			buildActionMask = 2147483647;
			files = (
				0BB8A4022AAB8E37009A1A78 /* GitHubReposUITests.swift in Sources */,
				0BB8A4042AAB8E37009A1A78 /* GitHubReposUITestsLaunchTests.swift in Sources */,
			);
			runOnlyForDeploymentPostprocessing = 0;
		};
/* End PBXSourcesBuildPhase section */

/* Begin PBXTargetDependency section */
		0BB8A3F52AAB8E37009A1A78 /* PBXTargetDependency */ = {
			isa = PBXTargetDependency;
			target = 0BB8A3DC2AAB8E36009A1A78 /* GitHubRepos */;
			targetProxy = 0BB8A3F42AAB8E37009A1A78 /* PBXContainerItemProxy */;
		};
		0BB8A3FF2AAB8E37009A1A78 /* PBXTargetDependency */ = {
			isa = PBXTargetDependency;
			target = 0BB8A3DC2AAB8E36009A1A78 /* GitHubRepos */;
			targetProxy = 0BB8A3FE2AAB8E37009A1A78 /* PBXContainerItemProxy */;
		};
/* End PBXTargetDependency section */

/* Begin PBXVariantGroup section */
		0B70C2382AACF9D20078F446 /* Localizable.strings */ = {
			isa = PBXVariantGroup;
			children = (
				0B70C2372AACF9D20078F446 /* en */,
			);
			name = Localizable.strings;
			sourceTree = "<group>";
		};
		0BB8A3EB2AAB8E37009A1A78 /* LaunchScreen.storyboard */ = {
			isa = PBXVariantGroup;
			children = (
				0BB8A3EC2AAB8E37009A1A78 /* Base */,
			);
			name = LaunchScreen.storyboard;
			sourceTree = "<group>";
		};
/* End PBXVariantGroup section */

/* Begin XCBuildConfiguration section */
		0BB8A4052AAB8E37009A1A78 /* Debug */ = {
			isa = XCBuildConfiguration;
			buildSettings = {
				ALWAYS_SEARCH_USER_PATHS = NO;
				CLANG_ANALYZER_NONNULL = YES;
				CLANG_ANALYZER_NUMBER_OBJECT_CONVERSION = YES_AGGRESSIVE;
				CLANG_CXX_LANGUAGE_STANDARD = "gnu++20";
				CLANG_ENABLE_MODULES = YES;
				CLANG_ENABLE_OBJC_ARC = YES;
				CLANG_ENABLE_OBJC_WEAK = YES;
				CLANG_WARN_BLOCK_CAPTURE_AUTORELEASING = YES;
				CLANG_WARN_BOOL_CONVERSION = YES;
				CLANG_WARN_COMMA = YES;
				CLANG_WARN_CONSTANT_CONVERSION = YES;
				CLANG_WARN_DEPRECATED_OBJC_IMPLEMENTATIONS = YES;
				CLANG_WARN_DIRECT_OBJC_ISA_USAGE = YES_ERROR;
				CLANG_WARN_DOCUMENTATION_COMMENTS = YES;
				CLANG_WARN_EMPTY_BODY = YES;
				CLANG_WARN_ENUM_CONVERSION = YES;
				CLANG_WARN_INFINITE_RECURSION = YES;
				CLANG_WARN_INT_CONVERSION = YES;
				CLANG_WARN_NON_LITERAL_NULL_CONVERSION = YES;
				CLANG_WARN_OBJC_IMPLICIT_RETAIN_SELF = YES;
				CLANG_WARN_OBJC_LITERAL_CONVERSION = YES;
				CLANG_WARN_OBJC_ROOT_CLASS = YES_ERROR;
				CLANG_WARN_QUOTED_INCLUDE_IN_FRAMEWORK_HEADER = YES;
				CLANG_WARN_RANGE_LOOP_ANALYSIS = YES;
				CLANG_WARN_STRICT_PROTOTYPES = YES;
				CLANG_WARN_SUSPICIOUS_MOVE = YES;
				CLANG_WARN_UNGUARDED_AVAILABILITY = YES_AGGRESSIVE;
				CLANG_WARN_UNREACHABLE_CODE = YES;
				CLANG_WARN__DUPLICATE_METHOD_MATCH = YES;
				COPY_PHASE_STRIP = NO;
				DEBUG_INFORMATION_FORMAT = dwarf;
				ENABLE_STRICT_OBJC_MSGSEND = YES;
				ENABLE_TESTABILITY = YES;
				GCC_C_LANGUAGE_STANDARD = gnu11;
				GCC_DYNAMIC_NO_PIC = NO;
				GCC_NO_COMMON_BLOCKS = YES;
				GCC_OPTIMIZATION_LEVEL = 0;
				GCC_PREPROCESSOR_DEFINITIONS = (
					"DEBUG=1",
					"$(inherited)",
				);
				GCC_WARN_64_TO_32_BIT_CONVERSION = YES;
				GCC_WARN_ABOUT_RETURN_TYPE = YES_ERROR;
				GCC_WARN_UNDECLARED_SELECTOR = YES;
				GCC_WARN_UNINITIALIZED_AUTOS = YES_AGGRESSIVE;
				GCC_WARN_UNUSED_FUNCTION = YES;
				GCC_WARN_UNUSED_VARIABLE = YES;
				IPHONEOS_DEPLOYMENT_TARGET = 16.4;
				MTL_ENABLE_DEBUG_INFO = INCLUDE_SOURCE;
				MTL_FAST_MATH = YES;
				ONLY_ACTIVE_ARCH = YES;
				SDKROOT = iphoneos;
				SWIFT_ACTIVE_COMPILATION_CONDITIONS = DEBUG;
				SWIFT_OPTIMIZATION_LEVEL = "-Onone";
			};
			name = Debug;
		};
		0BB8A4062AAB8E37009A1A78 /* Release */ = {
			isa = XCBuildConfiguration;
			buildSettings = {
				ALWAYS_SEARCH_USER_PATHS = NO;
				CLANG_ANALYZER_NONNULL = YES;
				CLANG_ANALYZER_NUMBER_OBJECT_CONVERSION = YES_AGGRESSIVE;
				CLANG_CXX_LANGUAGE_STANDARD = "gnu++20";
				CLANG_ENABLE_MODULES = YES;
				CLANG_ENABLE_OBJC_ARC = YES;
				CLANG_ENABLE_OBJC_WEAK = YES;
				CLANG_WARN_BLOCK_CAPTURE_AUTORELEASING = YES;
				CLANG_WARN_BOOL_CONVERSION = YES;
				CLANG_WARN_COMMA = YES;
				CLANG_WARN_CONSTANT_CONVERSION = YES;
				CLANG_WARN_DEPRECATED_OBJC_IMPLEMENTATIONS = YES;
				CLANG_WARN_DIRECT_OBJC_ISA_USAGE = YES_ERROR;
				CLANG_WARN_DOCUMENTATION_COMMENTS = YES;
				CLANG_WARN_EMPTY_BODY = YES;
				CLANG_WARN_ENUM_CONVERSION = YES;
				CLANG_WARN_INFINITE_RECURSION = YES;
				CLANG_WARN_INT_CONVERSION = YES;
				CLANG_WARN_NON_LITERAL_NULL_CONVERSION = YES;
				CLANG_WARN_OBJC_IMPLICIT_RETAIN_SELF = YES;
				CLANG_WARN_OBJC_LITERAL_CONVERSION = YES;
				CLANG_WARN_OBJC_ROOT_CLASS = YES_ERROR;
				CLANG_WARN_QUOTED_INCLUDE_IN_FRAMEWORK_HEADER = YES;
				CLANG_WARN_RANGE_LOOP_ANALYSIS = YES;
				CLANG_WARN_STRICT_PROTOTYPES = YES;
				CLANG_WARN_SUSPICIOUS_MOVE = YES;
				CLANG_WARN_UNGUARDED_AVAILABILITY = YES_AGGRESSIVE;
				CLANG_WARN_UNREACHABLE_CODE = YES;
				CLANG_WARN__DUPLICATE_METHOD_MATCH = YES;
				COPY_PHASE_STRIP = NO;
				DEBUG_INFORMATION_FORMAT = "dwarf-with-dsym";
				ENABLE_NS_ASSERTIONS = NO;
				ENABLE_STRICT_OBJC_MSGSEND = YES;
				GCC_C_LANGUAGE_STANDARD = gnu11;
				GCC_NO_COMMON_BLOCKS = YES;
				GCC_WARN_64_TO_32_BIT_CONVERSION = YES;
				GCC_WARN_ABOUT_RETURN_TYPE = YES_ERROR;
				GCC_WARN_UNDECLARED_SELECTOR = YES;
				GCC_WARN_UNINITIALIZED_AUTOS = YES_AGGRESSIVE;
				GCC_WARN_UNUSED_FUNCTION = YES;
				GCC_WARN_UNUSED_VARIABLE = YES;
				IPHONEOS_DEPLOYMENT_TARGET = 16.4;
				MTL_ENABLE_DEBUG_INFO = NO;
				MTL_FAST_MATH = YES;
				SDKROOT = iphoneos;
				SWIFT_COMPILATION_MODE = wholemodule;
				SWIFT_OPTIMIZATION_LEVEL = "-O";
				VALIDATE_PRODUCT = YES;
			};
			name = Release;
		};
		0BB8A4082AAB8E37009A1A78 /* Debug */ = {
			isa = XCBuildConfiguration;
			buildSettings = {
				ASSETCATALOG_COMPILER_APPICON_NAME = AppIcon;
				ASSETCATALOG_COMPILER_GLOBAL_ACCENT_COLOR_NAME = AccentColor;
				CODE_SIGN_STYLE = Automatic;
				CURRENT_PROJECT_VERSION = 1;
				DEVELOPMENT_TEAM = PRY29PC23C;
				GENERATE_INFOPLIST_FILE = YES;
				INFOPLIST_FILE = GitHubRepos/Info.plist;
				INFOPLIST_KEY_UIApplicationSupportsIndirectInputEvents = YES;
				INFOPLIST_KEY_UILaunchStoryboardName = LaunchScreen;
				INFOPLIST_KEY_UISupportedInterfaceOrientations_iPad = "UIInterfaceOrientationPortrait UIInterfaceOrientationPortraitUpsideDown UIInterfaceOrientationLandscapeLeft UIInterfaceOrientationLandscapeRight";
				INFOPLIST_KEY_UISupportedInterfaceOrientations_iPhone = "UIInterfaceOrientationPortrait UIInterfaceOrientationLandscapeLeft UIInterfaceOrientationLandscapeRight";
				LD_RUNPATH_SEARCH_PATHS = (
					"$(inherited)",
					"@executable_path/Frameworks",
				);
				MARKETING_VERSION = 1.0;
				PRODUCT_BUNDLE_IDENTIFIER = com.zsuzsafaskerti.GitHubRepos;
				PRODUCT_NAME = "$(TARGET_NAME)";
				SWIFT_EMIT_LOC_STRINGS = YES;
				SWIFT_VERSION = 5.0;
				TARGETED_DEVICE_FAMILY = "1,2";
			};
			name = Debug;
		};
		0BB8A4092AAB8E37009A1A78 /* Release */ = {
			isa = XCBuildConfiguration;
			buildSettings = {
				ASSETCATALOG_COMPILER_APPICON_NAME = AppIcon;
				ASSETCATALOG_COMPILER_GLOBAL_ACCENT_COLOR_NAME = AccentColor;
				CODE_SIGN_STYLE = Automatic;
				CURRENT_PROJECT_VERSION = 1;
				DEVELOPMENT_TEAM = PRY29PC23C;
				GENERATE_INFOPLIST_FILE = YES;
				INFOPLIST_FILE = GitHubRepos/Info.plist;
				INFOPLIST_KEY_UIApplicationSupportsIndirectInputEvents = YES;
				INFOPLIST_KEY_UILaunchStoryboardName = LaunchScreen;
				INFOPLIST_KEY_UISupportedInterfaceOrientations_iPad = "UIInterfaceOrientationPortrait UIInterfaceOrientationPortraitUpsideDown UIInterfaceOrientationLandscapeLeft UIInterfaceOrientationLandscapeRight";
				INFOPLIST_KEY_UISupportedInterfaceOrientations_iPhone = "UIInterfaceOrientationPortrait UIInterfaceOrientationLandscapeLeft UIInterfaceOrientationLandscapeRight";
				LD_RUNPATH_SEARCH_PATHS = (
					"$(inherited)",
					"@executable_path/Frameworks",
				);
				MARKETING_VERSION = 1.0;
				PRODUCT_BUNDLE_IDENTIFIER = com.zsuzsafaskerti.GitHubRepos;
				PRODUCT_NAME = "$(TARGET_NAME)";
				SWIFT_EMIT_LOC_STRINGS = YES;
				SWIFT_VERSION = 5.0;
				TARGETED_DEVICE_FAMILY = "1,2";
			};
			name = Release;
		};
		0BB8A40B2AAB8E37009A1A78 /* Debug */ = {
			isa = XCBuildConfiguration;
			buildSettings = {
				ALWAYS_EMBED_SWIFT_STANDARD_LIBRARIES = YES;
				BUNDLE_LOADER = "$(TEST_HOST)";
				CODE_SIGN_STYLE = Automatic;
				CURRENT_PROJECT_VERSION = 1;
				DEVELOPMENT_TEAM = PRY29PC23C;
				GENERATE_INFOPLIST_FILE = YES;
				IPHONEOS_DEPLOYMENT_TARGET = 16.4;
				MARKETING_VERSION = 1.0;
				PRODUCT_BUNDLE_IDENTIFIER = com.zsuzsafaskerti.GitHubReposTests;
				PRODUCT_NAME = "$(TARGET_NAME)";
				SWIFT_EMIT_LOC_STRINGS = NO;
				SWIFT_VERSION = 5.0;
				TARGETED_DEVICE_FAMILY = "1,2";
				TEST_HOST = "$(BUILT_PRODUCTS_DIR)/GitHubRepos.app/$(BUNDLE_EXECUTABLE_FOLDER_PATH)/GitHubRepos";
			};
			name = Debug;
		};
		0BB8A40C2AAB8E37009A1A78 /* Release */ = {
			isa = XCBuildConfiguration;
			buildSettings = {
				ALWAYS_EMBED_SWIFT_STANDARD_LIBRARIES = YES;
				BUNDLE_LOADER = "$(TEST_HOST)";
				CODE_SIGN_STYLE = Automatic;
				CURRENT_PROJECT_VERSION = 1;
				DEVELOPMENT_TEAM = PRY29PC23C;
				GENERATE_INFOPLIST_FILE = YES;
				IPHONEOS_DEPLOYMENT_TARGET = 16.4;
				MARKETING_VERSION = 1.0;
				PRODUCT_BUNDLE_IDENTIFIER = com.zsuzsafaskerti.GitHubReposTests;
				PRODUCT_NAME = "$(TARGET_NAME)";
				SWIFT_EMIT_LOC_STRINGS = NO;
				SWIFT_VERSION = 5.0;
				TARGETED_DEVICE_FAMILY = "1,2";
				TEST_HOST = "$(BUILT_PRODUCTS_DIR)/GitHubRepos.app/$(BUNDLE_EXECUTABLE_FOLDER_PATH)/GitHubRepos";
			};
			name = Release;
		};
		0BB8A40E2AAB8E37009A1A78 /* Debug */ = {
			isa = XCBuildConfiguration;
			buildSettings = {
				ALWAYS_EMBED_SWIFT_STANDARD_LIBRARIES = YES;
				CODE_SIGN_STYLE = Automatic;
				CURRENT_PROJECT_VERSION = 1;
				DEVELOPMENT_TEAM = PRY29PC23C;
				GENERATE_INFOPLIST_FILE = YES;
				MARKETING_VERSION = 1.0;
				PRODUCT_BUNDLE_IDENTIFIER = com.zsuzsafaskerti.GitHubReposUITests;
				PRODUCT_NAME = "$(TARGET_NAME)";
				SWIFT_EMIT_LOC_STRINGS = NO;
				SWIFT_VERSION = 5.0;
				TARGETED_DEVICE_FAMILY = "1,2";
				TEST_TARGET_NAME = GitHubRepos;
			};
			name = Debug;
		};
		0BB8A40F2AAB8E37009A1A78 /* Release */ = {
			isa = XCBuildConfiguration;
			buildSettings = {
				ALWAYS_EMBED_SWIFT_STANDARD_LIBRARIES = YES;
				CODE_SIGN_STYLE = Automatic;
				CURRENT_PROJECT_VERSION = 1;
				DEVELOPMENT_TEAM = PRY29PC23C;
				GENERATE_INFOPLIST_FILE = YES;
				MARKETING_VERSION = 1.0;
				PRODUCT_BUNDLE_IDENTIFIER = com.zsuzsafaskerti.GitHubReposUITests;
				PRODUCT_NAME = "$(TARGET_NAME)";
				SWIFT_EMIT_LOC_STRINGS = NO;
				SWIFT_VERSION = 5.0;
				TARGETED_DEVICE_FAMILY = "1,2";
				TEST_TARGET_NAME = GitHubRepos;
			};
			name = Release;
		};
/* End XCBuildConfiguration section */

/* Begin XCConfigurationList section */
		0BB8A3D82AAB8E36009A1A78 /* Build configuration list for PBXProject "GitHubRepos" */ = {
			isa = XCConfigurationList;
			buildConfigurations = (
				0BB8A4052AAB8E37009A1A78 /* Debug */,
				0BB8A4062AAB8E37009A1A78 /* Release */,
			);
			defaultConfigurationIsVisible = 0;
			defaultConfigurationName = Release;
		};
		0BB8A4072AAB8E37009A1A78 /* Build configuration list for PBXNativeTarget "GitHubRepos" */ = {
			isa = XCConfigurationList;
			buildConfigurations = (
				0BB8A4082AAB8E37009A1A78 /* Debug */,
				0BB8A4092AAB8E37009A1A78 /* Release */,
			);
			defaultConfigurationIsVisible = 0;
			defaultConfigurationName = Release;
		};
		0BB8A40A2AAB8E37009A1A78 /* Build configuration list for PBXNativeTarget "GitHubReposTests" */ = {
			isa = XCConfigurationList;
			buildConfigurations = (
				0BB8A40B2AAB8E37009A1A78 /* Debug */,
				0BB8A40C2AAB8E37009A1A78 /* Release */,
			);
			defaultConfigurationIsVisible = 0;
			defaultConfigurationName = Release;
		};
		0BB8A40D2AAB8E37009A1A78 /* Build configuration list for PBXNativeTarget "GitHubReposUITests" */ = {
			isa = XCConfigurationList;
			buildConfigurations = (
				0BB8A40E2AAB8E37009A1A78 /* Debug */,
				0BB8A40F2AAB8E37009A1A78 /* Release */,
			);
			defaultConfigurationIsVisible = 0;
			defaultConfigurationName = Release;
		};
/* End XCConfigurationList section */
	};
	rootObject = 0BB8A3D52AAB8E36009A1A78 /* Project object */;
}
